// !$*UTF8*$!
{
	archiveVersion = 1;
	classes = {
	};
	objectVersion = 46;
	objects = {

/* Begin PBXBuildFile section */
		182698A719A2157700D09236 /* main.cpp in Sources */ = {isa = PBXBuildFile; fileRef = 182698A619A2157700D09236 /* main.cpp */; };
		182698A919A2157700D09236 /* GMM.1 in CopyFiles */ = {isa = PBXBuildFile; fileRef = 182698A819A2157700D09236 /* GMM.1 */; };
		182698B119A215E100D09236 /* GMM.cpp in Sources */ = {isa = PBXBuildFile; fileRef = 182698AF19A215E100D09236 /* GMM.cpp */; };
/* End PBXBuildFile section */

/* Begin PBXCopyFilesBuildPhase section */
		182698A119A2157700D09236 /* CopyFiles */ = {
			isa = PBXCopyFilesBuildPhase;
			buildActionMask = 2147483647;
			dstPath = /usr/share/man/man1/;
			dstSubfolderSpec = 0;
			files = (
				182698A919A2157700D09236 /* GMM.1 in CopyFiles */,
			);
			runOnlyForDeploymentPostprocessing = 1;
		};
/* End PBXCopyFilesBuildPhase section */

/* Begin PBXFileReference section */
		182698A319A2157700D09236 /* GMM */ = {isa = PBXFileReference; explicitFileType = "compiled.mach-o.executable"; includeInIndex = 0; path = GMM; sourceTree = BUILT_PRODUCTS_DIR; };
		182698A619A2157700D09236 /* main.cpp */ = {isa = PBXFileReference; lastKnownFileType = sourcecode.cpp.cpp; path = main.cpp; sourceTree = "<group>"; };
		182698A819A2157700D09236 /* GMM.1 */ = {isa = PBXFileReference; lastKnownFileType = text.man; path = GMM.1; sourceTree = "<group>"; };
		182698AF19A215E100D09236 /* GMM.cpp */ = {isa = PBXFileReference; fileEncoding = 4; lastKnownFileType = sourcecode.cpp.cpp; path = GMM.cpp; sourceTree = "<group>"; };
		182698B019A215E100D09236 /* GMM.h */ = {isa = PBXFileReference; fileEncoding = 4; lastKnownFileType = sourcecode.c.h; path = GMM.h; sourceTree = "<group>"; };
/* End PBXFileReference section */

/* Begin PBXFrameworksBuildPhase section */
		182698A019A2157700D09236 /* Frameworks */ = {
			isa = PBXFrameworksBuildPhase;
			buildActionMask = 2147483647;
			files = (
			);
			runOnlyForDeploymentPostprocessing = 0;
		};
/* End PBXFrameworksBuildPhase section */

/* Begin PBXGroup section */
		1826989A19A2157700D09236 = {
			isa = PBXGroup;
			children = (
				182698A519A2157700D09236 /* GMM */,
				182698A419A2157700D09236 /* Products */,
			);
			sourceTree = "<group>";
		};
		182698A419A2157700D09236 /* Products */ = {
			isa = PBXGroup;
			children = (
				182698A319A2157700D09236 /* GMM */,
			);
			name = Products;
			sourceTree = "<group>";
		};
		182698A519A2157700D09236 /* GMM */ = {
			isa = PBXGroup;
			children = (
				182698A619A2157700D09236 /* main.cpp */,
				182698AF19A215E100D09236 /* GMM.cpp */,
				182698B019A215E100D09236 /* GMM.h */,
				182698A819A2157700D09236 /* GMM.1 */,
			);
			path = GMM;
			sourceTree = "<group>";
		};
/* End PBXGroup section */

/* Begin PBXNativeTarget section */
		182698A219A2157700D09236 /* GMM */ = {
			isa = PBXNativeTarget;
			buildConfigurationList = 182698AC19A2157700D09236 /* Build configuration list for PBXNativeTarget "GMM" */;
			buildPhases = (
				1826989F19A2157700D09236 /* Sources */,
				182698A019A2157700D09236 /* Frameworks */,
				182698A119A2157700D09236 /* CopyFiles */,
			);
			buildRules = (
			);
			dependencies = (
			);
			name = GMM;
			productName = GMM;
			productReference = 182698A319A2157700D09236 /* GMM */;
			productType = "com.apple.product-type.tool";
		};
/* End PBXNativeTarget section */

/* Begin PBXProject section */
		1826989B19A2157700D09236 /* Project object */ = {
			isa = PBXProject;
			attributes = {
				LastUpgradeCheck = 0510;
				ORGANIZATIONNAME = deng;
			};
			buildConfigurationList = 1826989E19A2157700D09236 /* Build configuration list for PBXProject "GMM" */;
			compatibilityVersion = "Xcode 3.2";
			developmentRegion = English;
			hasScannedForEncodings = 0;
			knownRegions = (
				en,
			);
			mainGroup = 1826989A19A2157700D09236;
			productRefGroup = 182698A419A2157700D09236 /* Products */;
			projectDirPath = "";
			projectRoot = "";
			targets = (
				182698A219A2157700D09236 /* GMM */,
			);
		};
/* End PBXProject section */

/* Begin PBXSourcesBuildPhase section */
		1826989F19A2157700D09236 /* Sources */ = {
			isa = PBXSourcesBuildPhase;
			buildActionMask = 2147483647;
			files = (
				182698A719A2157700D09236 /* main.cpp in Sources */,
				182698B119A215E100D09236 /* GMM.cpp in Sources */,
			);
			runOnlyForDeploymentPostprocessing = 0;
		};
/* End PBXSourcesBuildPhase section */

/* Begin XCBuildConfiguration section */
		182698AA19A2157700D09236 /* Debug */ = {
			isa = XCBuildConfiguration;
			buildSettings = {
				ALWAYS_SEARCH_USER_PATHS = NO;
				CLANG_CXX_LANGUAGE_STANDARD = "gnu++0x";
				CLANG_CXX_LIBRARY = "libc++";
				CLANG_ENABLE_MODULES = YES;
				CLANG_ENABLE_OBJC_ARC = YES;
				CLANG_WARN_BOOL_CONVERSION = YES;
				CLANG_WARN_CONSTANT_CONVERSION = YES;
				CLANG_WARN_DIRECT_OBJC_ISA_USAGE = YES_ERROR;
				CLANG_WARN_EMPTY_BODY = YES;
				CLANG_WARN_ENUM_CONVERSION = YES;
				CLANG_WARN_INT_CONVERSION = YES;
				CLANG_WARN_OBJC_ROOT_CLASS = YES_ERROR;
				CLANG_WARN__DUPLICATE_METHOD_MATCH = YES;
				COPY_PHASE_STRIP = NO;
				GCC_C_LANGUAGE_STANDARD = gnu99;
				GCC_DYNAMIC_NO_PIC = NO;
				GCC_ENABLE_OBJC_EXCEPTIONS = YES;
				GCC_OPTIMIZATION_LEVEL = 0;
				GCC_PREPROCESSOR_DEFINITIONS = (
					"DEBUG=1",
					"$(inherited)",
				);
				GCC_SYMBOLS_PRIVATE_EXTERN = NO;
				GCC_WARN_64_TO_32_BIT_CONVERSION = YES;
				GCC_WARN_ABOUT_RETURN_TYPE = YES_ERROR;
				GCC_WARN_UNDECLARED_SELECTOR = YES;
				GCC_WARN_UNINITIALIZED_AUTOS = YES_AGGRESSIVE;
				GCC_WARN_UNUSED_FUNCTION = YES;
				GCC_WARN_UNUSED_VARIABLE = YES;
				MACOSX_DEPLOYMENT_TARGET = 10.9;
				ONLY_ACTIVE_ARCH = YES;
				SDKROOT = macosx;
			};
			name = Debug;
		};
		182698AB19A2157700D09236 /* Release */ = {
			isa = XCBuildConfiguration;
			buildSettings = {
				ALWAYS_SEARCH_USER_PATHS = NO;
				CLANG_CXX_LANGUAGE_STANDARD = "gnu++0x";
				CLANG_CXX_LIBRARY = "libc++";
				CLANG_ENABLE_MODULES = YES;
				CLANG_ENABLE_OBJC_ARC = YES;
				CLANG_WARN_BOOL_CONVERSION = YES;
				CLANG_WARN_CONSTANT_CONVERSION = YES;
				CLANG_WARN_DIRECT_OBJC_ISA_USAGE = YES_ERROR;
				CLANG_WARN_EMPTY_BODY = YES;
				CLANG_WARN_ENUM_CONVERSION = YES;
				CLANG_WARN_INT_CONVERSION = YES;
				CLANG_WARN_OBJC_ROOT_CLASS = YES_ERROR;
				CLANG_WARN__DUPLICATE_METHOD_MATCH = YES;
				COPY_PHASE_STRIP = YES;
				DEBUG_INFORMATION_FORMAT = "dwarf-with-dsym";
				ENABLE_NS_ASSERTIONS = NO;
				GCC_C_LANGUAGE_STANDARD = gnu99;
				GCC_ENABLE_OBJC_EXCEPTIONS = YES;
				GCC_WARN_64_TO_32_BIT_CONVERSION = YES;
				GCC_WARN_ABOUT_RETURN_TYPE = YES_ERROR;
				GCC_WARN_UNDECLARED_SELECTOR = YES;
				GCC_WARN_UNINITIALIZED_AUTOS = YES_AGGRESSIVE;
				GCC_WARN_UNUSED_FUNCTION = YES;
				GCC_WARN_UNUSED_VARIABLE = YES;
				MACOSX_DEPLOYMENT_TARGET = 10.9;
				SDKROOT = macosx;
			};
			name = Release;
		};
		182698AD19A2157700D09236 /* Debug */ = {
			isa = XCBuildConfiguration;
			buildSettings = {
				HEADER_SEARCH_PATHS = (
					"$(inherited)",
					/Applications/Xcode.app/Contents/Developer/Toolchains/XcodeDefault.xctoolchain/usr/include,
					/usr/local/include,
				);
				PRODUCT_NAME = "$(TARGET_NAME)";
			};
			name = Debug;
		};
		182698AE19A2157700D09236 /* Release */ = {
			isa = XCBuildConfiguration;
			buildSettings = {
				HEADER_SEARCH_PATHS = (
					"$(inherited)",
					/Applications/Xcode.app/Contents/Developer/Toolchains/XcodeDefault.xctoolchain/usr/include,
					/usr/local/include,
				);
				PRODUCT_NAME = "$(TARGET_NAME)";
			};
			name = Release;
		};
/* End XCBuildConfiguration section */

/* Begin XCConfigurationList section */
		1826989E19A2157700D09236 /* Build configuration list for PBXProject "GMM" */ = {
			isa = XCConfigurationList;
			buildConfigurations = (
				182698AA19A2157700D09236 /* Debug */,
				182698AB19A2157700D09236 /* Release */,
			);
			defaultConfigurationIsVisible = 0;
			defaultConfigurationName = Release;
		};
		182698AC19A2157700D09236 /* Build configuration list for PBXNativeTarget "GMM" */ = {
			isa = XCConfigurationList;
			buildConfigurations = (
				182698AD19A2157700D09236 /* Debug */,
				182698AE19A2157700D09236 /* Release */,
			);
			defaultConfigurationIsVisible = 0;
		};
/* End XCConfigurationList section */
	};
	rootObject = 1826989B19A2157700D09236 /* Project object */;
}
